// !$*UTF8*$!
{
	archiveVersion = 1;
	classes = {
	};
	objectVersion = 90;
	objects = {

/* Begin PBXBuildFile section */
		0403139F274A7E47009B0F23 /* Test20211121aApp.swift in Sources */ = {isa = PBXBuildFile; fileRef = 0403138F274A7E46009B0F23 /* Test20211121aApp.swift */; };
		040313A1274A7E47009B0F23 /* ContentView.swift in Sources */ = {isa = PBXBuildFile; fileRef = 04031390274A7E46009B0F23 /* ContentView.swift */; };
		040313A3274A7E47009B0F23 /* Assets.xcassets in Resources */ = {isa = PBXBuildFile; fileRef = 04031391274A7E47009B0F23 /* Assets.xcassets */; };
		043742302DB549B900969FA1 /* SongsViewModel.swift in Sources */ = {isa = PBXBuildFile; fileRef = 0437422F2DB549B900969FA1 /* SongsViewModel.swift */; };
		0442634C2DA804C20038D101 /* AppConstants.swift in Sources */ = {isa = PBXBuildFile; fileRef = 0442634B2DA804C20038D101 /* AppConstants.swift */; };
		0456FD242778D87D00C76D96 /* PlaylistCell.swift in Sources */ = {isa = PBXBuildFile; fileRef = 0456FD232778D87D00C76D96 /* PlaylistCell.swift */; };
		0456FD262778E65600C76D96 /* PlaylistsView.swift in Sources */ = {isa = PBXBuildFile; fileRef = 0456FD252778E65600C76D96 /* PlaylistsView.swift */; };
		0456FD2827790D6B00C76D96 /* SongsView.swift in Sources */ = {isa = PBXBuildFile; fileRef = 0456FD2727790D6B00C76D96 /* SongsView.swift */; };
		0456FD2A2779101800C76D96 /* SongCell.swift in Sources */ = {isa = PBXBuildFile; fileRef = 0456FD292779101800C76D96 /* SongCell.swift */; };
		0456FD2C277910C100C76D96 /* MediaItemWrapper.swift in Sources */ = {isa = PBXBuildFile; fileRef = 0456FD2B277910C100C76D96 /* MediaItemWrapper.swift */; };
		0456FD2E277A164E00C76D96 /* PlaylistDataStore.swift in Sources */ = {isa = PBXBuildFile; fileRef = 0456FD2D277A164E00C76D96 /* PlaylistDataStore.swift */; };
		0456FD30277A1CF400C76D96 /* ExclusionsView.swift in Sources */ = {isa = PBXBuildFile; fileRef = 0456FD2F277A1CF400C76D96 /* ExclusionsView.swift */; };
		0456FD32277A1EA200C76D96 /* IdentifiableString.swift in Sources */ = {isa = PBXBuildFile; fileRef = 0456FD31277A1EA200C76D96 /* IdentifiableString.swift */; };
		045EBB602DB92D7D00BEBFEF /* Debouncer.swift in Sources */ = {isa = PBXBuildFile; fileRef = 045EBB5F2DB92D7D00BEBFEF /* Debouncer.swift */; };
		046E98882D90A278005C8AE7 /* MusicLibraryAuthorizationView.swift in Sources */ = {isa = PBXBuildFile; fileRef = 046E98872D90A278005C8AE7 /* MusicLibraryAuthorizationView.swift */; };
		046E988A2D90A9F0005C8AE7 /* EnvironmentValues.swift in Sources */ = {isa = PBXBuildFile; fileRef = 046E98892D90A9F0005C8AE7 /* EnvironmentValues.swift */; };
		0472068B27774D6D00F7746D /* PlaylistDetail.swift in Sources */ = {isa = PBXBuildFile; fileRef = 0472068A27774D6D00F7746D /* PlaylistDetail.swift */; };
		047DEE122DB6C80C00AFFCE7 /* AboutView.swift in Sources */ = {isa = PBXBuildFile; fileRef = 047DEE112DB6C80C00AFFCE7 /* AboutView.swift */; };
		047DEE142DB6DA2200AFFCE7 /* PlaylistNameSheetView.swift in Sources */ = {isa = PBXBuildFile; fileRef = 047DEE132DB6DA2200AFFCE7 /* PlaylistNameSheetView.swift */; };
		0483507B27712826004F0FFB /* PlaylistItem.swift in Sources */ = {isa = PBXBuildFile; fileRef = 0483507A27712826004F0FFB /* PlaylistItem.swift */; };
/* End PBXBuildFile section */

/* Begin PBXContainerItemProxy section */
		0442636D2DA817E30038D101 /* PBXContainerItemProxy */ = {
			isa = PBXContainerItemProxy;
			containerPortal = 0403138A274A7E46009B0F23 /* Project object */;
			proxyType = 1;
			remoteGlobalIDString = 04031395274A7E47009B0F23;
			remoteInfo = "Random Playlist Generator (iOS)";
		};
/* End PBXContainerItemProxy section */

/* Begin PBXFileReference section */
		0403138F274A7E46009B0F23 /* Test20211121aApp.swift */ = {isa = PBXFileReference; lastKnownFileType = sourcecode.swift; path = Test20211121aApp.swift; sourceTree = "<group>"; };
		04031390274A7E46009B0F23 /* ContentView.swift */ = {isa = PBXFileReference; lastKnownFileType = sourcecode.swift; path = ContentView.swift; sourceTree = "<group>"; };
		04031391274A7E47009B0F23 /* Assets.xcassets */ = {isa = PBXFileReference; lastKnownFileType = folder.assetcatalog; path = Assets.xcassets; sourceTree = "<group>"; };
		04031396274A7E47009B0F23 /* Random Playlist Generator.app */ = {isa = PBXFileReference; explicitFileType = wrapper.application; includeInIndex = 0; path = "Random Playlist Generator.app"; sourceTree = BUILT_PRODUCTS_DIR; };
		0403139E274A7E47009B0F23 /* macOS.entitlements */ = {isa = PBXFileReference; lastKnownFileType = text.plist.entitlements; path = macOS.entitlements; sourceTree = "<group>"; };
		040313AD274AEC58009B0F23 /* Random Playlist Generator--iOS--Info.plist */ = {isa = PBXFileReference; lastKnownFileType = text.plist.xml; path = "Random Playlist Generator--iOS--Info.plist"; sourceTree = "<group>"; };
		040313AE274AEC9A009B0F23 /* RandomPlaylistGenerator--macOS--Info.plist */ = {isa = PBXFileReference; lastKnownFileType = text.plist.xml; path = "RandomPlaylistGenerator--macOS--Info.plist"; sourceTree = "<group>"; };
		0437422F2DB549B900969FA1 /* SongsViewModel.swift */ = {isa = PBXFileReference; lastKnownFileType = sourcecode.swift; path = SongsViewModel.swift; sourceTree = "<group>"; };
		0442634B2DA804C20038D101 /* AppConstants.swift */ = {isa = PBXFileReference; lastKnownFileType = sourcecode.swift; path = AppConstants.swift; sourceTree = "<group>"; };
		044263692DA817E30038D101 /* Random Playlist GeneratorTests.xctest */ = {isa = PBXFileReference; explicitFileType = wrapper.cfbundle; includeInIndex = 0; path = "Random Playlist GeneratorTests.xctest"; sourceTree = BUILT_PRODUCTS_DIR; };
		0456FD2227789F6300C76D96 /* RandomPlaylistGenerator (iOS).entitlements */ = {isa = PBXFileReference; lastKnownFileType = text.plist.entitlements; path = "RandomPlaylistGenerator (iOS).entitlements"; sourceTree = "<group>"; };
		0456FD232778D87D00C76D96 /* PlaylistCell.swift */ = {isa = PBXFileReference; lastKnownFileType = sourcecode.swift; path = PlaylistCell.swift; sourceTree = "<group>"; };
		0456FD252778E65600C76D96 /* PlaylistsView.swift */ = {isa = PBXFileReference; lastKnownFileType = sourcecode.swift; path = PlaylistsView.swift; sourceTree = "<group>"; };
		0456FD2727790D6B00C76D96 /* SongsView.swift */ = {isa = PBXFileReference; fileEncoding = 4; lastKnownFileType = sourcecode.swift; path = SongsView.swift; sourceTree = "<group>"; };
		0456FD292779101800C76D96 /* SongCell.swift */ = {isa = PBXFileReference; lastKnownFileType = sourcecode.swift; path = SongCell.swift; sourceTree = "<group>"; };
		0456FD2B277910C100C76D96 /* MediaItemWrapper.swift */ = {isa = PBXFileReference; lastKnownFileType = sourcecode.swift; path = MediaItemWrapper.swift; sourceTree = "<group>"; };
		0456FD2D277A164E00C76D96 /* PlaylistDataStore.swift */ = {isa = PBXFileReference; lastKnownFileType = sourcecode.swift; path = PlaylistDataStore.swift; sourceTree = "<group>"; };
		0456FD2F277A1CF400C76D96 /* ExclusionsView.swift */ = {isa = PBXFileReference; lastKnownFileType = sourcecode.swift; path = ExclusionsView.swift; sourceTree = "<group>"; };
		0456FD31277A1EA200C76D96 /* IdentifiableString.swift */ = {isa = PBXFileReference; lastKnownFileType = sourcecode.swift; path = IdentifiableString.swift; sourceTree = "<group>"; };
		045EBB5F2DB92D7D00BEBFEF /* Debouncer.swift */ = {isa = PBXFileReference; lastKnownFileType = sourcecode.swift; path = Debouncer.swift; sourceTree = "<group>"; };
		046E98872D90A278005C8AE7 /* MusicLibraryAuthorizationView.swift */ = {isa = PBXFileReference; lastKnownFileType = sourcecode.swift; path = MusicLibraryAuthorizationView.swift; sourceTree = "<group>"; };
		046E98892D90A9F0005C8AE7 /* EnvironmentValues.swift */ = {isa = PBXFileReference; lastKnownFileType = sourcecode.swift; path = EnvironmentValues.swift; sourceTree = "<group>"; };
		0472068A27774D6D00F7746D /* PlaylistDetail.swift */ = {isa = PBXFileReference; lastKnownFileType = sourcecode.swift; path = PlaylistDetail.swift; sourceTree = "<group>"; };
		047DEE112DB6C80C00AFFCE7 /* AboutView.swift */ = {isa = PBXFileReference; lastKnownFileType = sourcecode.swift; path = AboutView.swift; sourceTree = "<group>"; };
		047DEE132DB6DA2200AFFCE7 /* PlaylistNameSheetView.swift */ = {isa = PBXFileReference; lastKnownFileType = sourcecode.swift; path = PlaylistNameSheetView.swift; sourceTree = "<group>"; };
		0483507A27712826004F0FFB /* PlaylistItem.swift */ = {isa = PBXFileReference; lastKnownFileType = sourcecode.swift; path = PlaylistItem.swift; sourceTree = "<group>"; };
/* End PBXFileReference section */

/* Begin PBXFileSystemSynchronizedRootGroup section */
		0442636A2DA817E30038D101 /* Random Playlist GeneratorTests */ = {
			isa = PBXFileSystemSynchronizedRootGroup;
			path = "Random Playlist GeneratorTests";
			sourceTree = "<group>";
		};
/* End PBXFileSystemSynchronizedRootGroup section */

/* Begin PBXFrameworksBuildPhase section */
		04031393274A7E47009B0F23 /* Frameworks */ = {
			isa = PBXFrameworksBuildPhase;
			files = (
			);
		};
		044263662DA817E30038D101 /* Frameworks */ = {
			isa = PBXFrameworksBuildPhase;
			files = (
			);
		};
/* End PBXFrameworksBuildPhase section */

/* Begin PBXGroup section */
		04031389274A7E46009B0F23 = {
			isa = PBXGroup;
			children = (
				0456FD2227789F6300C76D96 /* RandomPlaylistGenerator (iOS).entitlements */,
				040313AE274AEC9A009B0F23 /* RandomPlaylistGenerator--macOS--Info.plist */,
				040313AD274AEC58009B0F23 /* Random Playlist Generator--iOS--Info.plist */,
				0403138E274A7E46009B0F23 /* Shared */,
				0403139D274A7E47009B0F23 /* macOS */,
				0442636A2DA817E30038D101 /* Random Playlist GeneratorTests */,
				04031397274A7E47009B0F23 /* Products */,
				0442634B2DA804C20038D101 /* AppConstants.swift */,
			);
			sourceTree = "<group>";
		};
		0403138E274A7E46009B0F23 /* Shared */ = {
			isa = PBXGroup;
			children = (
				0456FD2727790D6B00C76D96 /* SongsView.swift */,
				046E98892D90A9F0005C8AE7 /* EnvironmentValues.swift */,
				0403138F274A7E46009B0F23 /* Test20211121aApp.swift */,
				04031390274A7E46009B0F23 /* ContentView.swift */,
				04031391274A7E47009B0F23 /* Assets.xcassets */,
				0483507A27712826004F0FFB /* PlaylistItem.swift */,
				0472068A27774D6D00F7746D /* PlaylistDetail.swift */,
				0456FD232778D87D00C76D96 /* PlaylistCell.swift */,
				0456FD252778E65600C76D96 /* PlaylistsView.swift */,
				0456FD292779101800C76D96 /* SongCell.swift */,
				0456FD2B277910C100C76D96 /* MediaItemWrapper.swift */,
				0456FD2D277A164E00C76D96 /* PlaylistDataStore.swift */,
				0456FD2F277A1CF400C76D96 /* ExclusionsView.swift */,
				0456FD31277A1EA200C76D96 /* IdentifiableString.swift */,
				046E98872D90A278005C8AE7 /* MusicLibraryAuthorizationView.swift */,
				0437422F2DB549B900969FA1 /* SongsViewModel.swift */,
				047DEE112DB6C80C00AFFCE7 /* AboutView.swift */,
				047DEE132DB6DA2200AFFCE7 /* PlaylistNameSheetView.swift */,
				045EBB5F2DB92D7D00BEBFEF /* Debouncer.swift */,
			);
			path = Shared;
			sourceTree = "<group>";
		};
		04031397274A7E47009B0F23 /* Products */ = {
			isa = PBXGroup;
			children = (
				04031396274A7E47009B0F23 /* Random Playlist Generator.app */,
				044263692DA817E30038D101 /* Random Playlist GeneratorTests.xctest */,
			);
			name = Products;
			sourceTree = "<group>";
		};
		0403139D274A7E47009B0F23 /* macOS */ = {
			isa = PBXGroup;
			children = (
				0403139E274A7E47009B0F23 /* macOS.entitlements */,
			);
			path = macOS;
			sourceTree = "<group>";
		};
/* End PBXGroup section */

/* Begin PBXNativeTarget section */
		04031395274A7E47009B0F23 /* Random Playlist Generator (iOS) */ = {
			isa = PBXNativeTarget;
			buildConfigurationList = 040313A7274A7E47009B0F23 /* Build configuration list for PBXNativeTarget "Random Playlist Generator (iOS)" */;
			buildPhases = (
				04031392274A7E47009B0F23 /* Sources */,
				04031393274A7E47009B0F23 /* Frameworks */,
				04031394274A7E47009B0F23 /* Resources */,
			);
			buildRules = (
			);
			name = "Random Playlist Generator (iOS)";
			productName = "Test20211121a (iOS)";
			productReference = 04031396274A7E47009B0F23 /* Random Playlist Generator.app */;
			productType = "com.apple.product-type.application";
		};
		044263682DA817E30038D101 /* Random Playlist GeneratorTests */ = {
			isa = PBXNativeTarget;
			buildConfigurationList = 0442636F2DA817E30038D101 /* Build configuration list for PBXNativeTarget "Random Playlist GeneratorTests" */;
			buildPhases = (
				044263652DA817E30038D101 /* Sources */,
				044263662DA817E30038D101 /* Frameworks */,
				044263672DA817E30038D101 /* Resources */,
			);
			buildRules = (
			);
			dependencies = (
				0442636E2DA817E30038D101 /* PBXTargetDependency */,
			);
			fileSystemSynchronizedGroups = (
				0442636A2DA817E30038D101 /* Random Playlist GeneratorTests */,
			);
			name = "Random Playlist GeneratorTests";
			productName = "Random Playlist GeneratorTests";
			productReference = 044263692DA817E30038D101 /* Random Playlist GeneratorTests.xctest */;
			productType = "com.apple.product-type.bundle.unit-test";
		};
/* End PBXNativeTarget section */

/* Begin PBXProject section */
		0403138A274A7E46009B0F23 /* Project object */ = {
			isa = PBXProject;
			attributes = {
				BuildIndependentTargetsInParallel = 1;
				LastSwiftUpdateCheck = 1630;
				LastUpgradeCheck = 1630;
				TargetAttributes = {
					04031395274A7E47009B0F23 = {
						CreatedOnToolsVersion = 13.1;
					};
					044263682DA817E30038D101 = {
						CreatedOnToolsVersion = 16.3;
						TestTargetID = 04031395274A7E47009B0F23;
					};
				};
			};
			buildConfigurationList = 0403138D274A7E46009B0F23 /* Build configuration list for PBXProject "Random Playlist Generator" */;
			developmentRegion = en;
			hasScannedForEncodings = 0;
			knownRegions = (
				en,
				Base,
			);
			mainGroup = 04031389274A7E46009B0F23;
			preferredProjectObjectVersion = 90;
			productRefGroup = 04031397274A7E47009B0F23 /* Products */;
			projectDirPath = "";
			projectRoot = "";
			targets = (
				04031395274A7E47009B0F23 /* Random Playlist Generator (iOS) */,
				044263682DA817E30038D101 /* Random Playlist GeneratorTests */,
			);
		};
/* End PBXProject section */

/* Begin PBXResourcesBuildPhase section */
		04031394274A7E47009B0F23 /* Resources */ = {
			isa = PBXResourcesBuildPhase;
			files = (
				040313A3274A7E47009B0F23 /* Assets.xcassets in Resources */,
			);
		};
		044263672DA817E30038D101 /* Resources */ = {
			isa = PBXResourcesBuildPhase;
			files = (
			);
		};
/* End PBXResourcesBuildPhase section */

/* Begin PBXSourcesBuildPhase section */
		04031392274A7E47009B0F23 /* Sources */ = {
			isa = PBXSourcesBuildPhase;
			files = (
				0456FD2A2779101800C76D96 /* SongCell.swift in Sources */,
				046E98882D90A278005C8AE7 /* MusicLibraryAuthorizationView.swift in Sources */,
				045EBB602DB92D7D00BEBFEF /* Debouncer.swift in Sources */,
				047DEE122DB6C80C00AFFCE7 /* AboutView.swift in Sources */,
				0456FD2E277A164E00C76D96 /* PlaylistDataStore.swift in Sources */,
				0456FD2827790D6B00C76D96 /* SongsView.swift in Sources */,
				0442634C2DA804C20038D101 /* AppConstants.swift in Sources */,
				043742302DB549B900969FA1 /* SongsViewModel.swift in Sources */,
				0456FD262778E65600C76D96 /* PlaylistsView.swift in Sources */,
				0472068B27774D6D00F7746D /* PlaylistDetail.swift in Sources */,
				040313A1274A7E47009B0F23 /* ContentView.swift in Sources */,
				0456FD30277A1CF400C76D96 /* ExclusionsView.swift in Sources */,
				0403139F274A7E47009B0F23 /* Test20211121aApp.swift in Sources */,
				046E988A2D90A9F0005C8AE7 /* EnvironmentValues.swift in Sources */,
				047DEE142DB6DA2200AFFCE7 /* PlaylistNameSheetView.swift in Sources */,
				0456FD242778D87D00C76D96 /* PlaylistCell.swift in Sources */,
				0456FD2C277910C100C76D96 /* MediaItemWrapper.swift in Sources */,
				0456FD32277A1EA200C76D96 /* IdentifiableString.swift in Sources */,
				0483507B27712826004F0FFB /* PlaylistItem.swift in Sources */,
			);
		};
		044263652DA817E30038D101 /* Sources */ = {
			isa = PBXSourcesBuildPhase;
			files = (
			);
		};
/* End PBXSourcesBuildPhase section */

/* Begin PBXTargetDependency section */
		0442636E2DA817E30038D101 /* PBXTargetDependency */ = {
			isa = PBXTargetDependency;
			target = 04031395274A7E47009B0F23 /* Random Playlist Generator (iOS) */;
			targetProxy = 0442636D2DA817E30038D101 /* PBXContainerItemProxy */;
		};
/* End PBXTargetDependency section */

/* Begin XCBuildConfiguration section */
		040313A5274A7E47009B0F23 /* Debug configuration for PBXProject "Random Playlist Generator" */ = {
			isa = XCBuildConfiguration;
			buildSettings = {
				ALWAYS_SEARCH_USER_PATHS = NO;
				CLANG_ANALYZER_NONNULL = YES;
				CLANG_ANALYZER_NUMBER_OBJECT_CONVERSION = YES_AGGRESSIVE;
				CLANG_CXX_LANGUAGE_STANDARD = "gnu++17";
				CLANG_CXX_LIBRARY = "libc++";
				CLANG_ENABLE_MODULES = YES;
				CLANG_ENABLE_OBJC_ARC = YES;
				CLANG_ENABLE_OBJC_WEAK = YES;
				CLANG_WARN_BLOCK_CAPTURE_AUTORELEASING = YES;
				CLANG_WARN_BOOL_CONVERSION = YES;
				CLANG_WARN_COMMA = YES;
				CLANG_WARN_CONSTANT_CONVERSION = YES;
				CLANG_WARN_DEPRECATED_OBJC_IMPLEMENTATIONS = YES;
				CLANG_WARN_DIRECT_OBJC_ISA_USAGE = YES_ERROR;
				CLANG_WARN_DOCUMENTATION_COMMENTS = YES;
				CLANG_WARN_EMPTY_BODY = YES;
				CLANG_WARN_ENUM_CONVERSION = YES;
				CLANG_WARN_INFINITE_RECURSION = YES;
				CLANG_WARN_INT_CONVERSION = YES;
				CLANG_WARN_NON_LITERAL_NULL_CONVERSION = YES;
				CLANG_WARN_OBJC_IMPLICIT_RETAIN_SELF = YES;
				CLANG_WARN_OBJC_LITERAL_CONVERSION = YES;
				CLANG_WARN_OBJC_ROOT_CLASS = YES_ERROR;
				CLANG_WARN_QUOTED_INCLUDE_IN_FRAMEWORK_HEADER = YES;
				CLANG_WARN_RANGE_LOOP_ANALYSIS = YES;
				CLANG_WARN_STRICT_PROTOTYPES = YES;
				CLANG_WARN_SUSPICIOUS_MOVE = YES;
				CLANG_WARN_UNGUARDED_AVAILABILITY = YES_AGGRESSIVE;
				CLANG_WARN_UNREACHABLE_CODE = YES;
				CLANG_WARN__DUPLICATE_METHOD_MATCH = YES;
				COPY_PHASE_STRIP = NO;
				DEAD_CODE_STRIPPING = YES;
				DEBUG_INFORMATION_FORMAT = dwarf;
				DEVELOPMENT_TEAM = Z7SYY2QYHK;
				ENABLE_STRICT_OBJC_MSGSEND = YES;
				ENABLE_TESTABILITY = YES;
				ENABLE_USER_SCRIPT_SANDBOXING = YES;
				GCC_C_LANGUAGE_STANDARD = gnu11;
				GCC_DYNAMIC_NO_PIC = NO;
				GCC_NO_COMMON_BLOCKS = YES;
				GCC_OPTIMIZATION_LEVEL = 0;
				GCC_PREPROCESSOR_DEFINITIONS = (
					"DEBUG=1",
					"$(inherited)",
				);
				GCC_WARN_64_TO_32_BIT_CONVERSION = YES;
				GCC_WARN_ABOUT_RETURN_TYPE = YES_ERROR;
				GCC_WARN_UNDECLARED_SELECTOR = YES;
				GCC_WARN_UNINITIALIZED_AUTOS = YES_AGGRESSIVE;
				GCC_WARN_UNUSED_FUNCTION = YES;
				GCC_WARN_UNUSED_VARIABLE = YES;
				IPHONEOS_DEPLOYMENT_TARGET = 17.4;
				MACOSX_DEPLOYMENT_TARGET = "$(RECOMMENDED_MACOSX_DEPLOYMENT_TARGET)";
				MTL_ENABLE_DEBUG_INFO = INCLUDE_SOURCE;
				MTL_FAST_MATH = YES;
				ONLY_ACTIVE_ARCH = YES;
				PRODUCT_NAME = "Random Playlist Generator";
				SWIFT_ACTIVE_COMPILATION_CONDITIONS = DEBUG;
				SWIFT_OPTIMIZATION_LEVEL = "-Onone";
			};
			name = Debug;
		};
		040313A6274A7E47009B0F23 /* Release configuration for PBXProject "Random Playlist Generator" */ = {
			isa = XCBuildConfiguration;
			buildSettings = {
				ALWAYS_SEARCH_USER_PATHS = NO;
				CLANG_ANALYZER_NONNULL = YES;
				CLANG_ANALYZER_NUMBER_OBJECT_CONVERSION = YES_AGGRESSIVE;
				CLANG_CXX_LANGUAGE_STANDARD = "gnu++17";
				CLANG_CXX_LIBRARY = "libc++";
				CLANG_ENABLE_MODULES = YES;
				CLANG_ENABLE_OBJC_ARC = YES;
				CLANG_ENABLE_OBJC_WEAK = YES;
				CLANG_WARN_BLOCK_CAPTURE_AUTORELEASING = YES;
				CLANG_WARN_BOOL_CONVERSION = YES;
				CLANG_WARN_COMMA = YES;
				CLANG_WARN_CONSTANT_CONVERSION = YES;
				CLANG_WARN_DEPRECATED_OBJC_IMPLEMENTATIONS = YES;
				CLANG_WARN_DIRECT_OBJC_ISA_USAGE = YES_ERROR;
				CLANG_WARN_DOCUMENTATION_COMMENTS = YES;
				CLANG_WARN_EMPTY_BODY = YES;
				CLANG_WARN_ENUM_CONVERSION = YES;
				CLANG_WARN_INFINITE_RECURSION = YES;
				CLANG_WARN_INT_CONVERSION = YES;
				CLANG_WARN_NON_LITERAL_NULL_CONVERSION = YES;
				CLANG_WARN_OBJC_IMPLICIT_RETAIN_SELF = YES;
				CLANG_WARN_OBJC_LITERAL_CONVERSION = YES;
				CLANG_WARN_OBJC_ROOT_CLASS = YES_ERROR;
				CLANG_WARN_QUOTED_INCLUDE_IN_FRAMEWORK_HEADER = YES;
				CLANG_WARN_RANGE_LOOP_ANALYSIS = YES;
				CLANG_WARN_STRICT_PROTOTYPES = YES;
				CLANG_WARN_SUSPICIOUS_MOVE = YES;
				CLANG_WARN_UNGUARDED_AVAILABILITY = YES_AGGRESSIVE;
				CLANG_WARN_UNREACHABLE_CODE = YES;
				CLANG_WARN__DUPLICATE_METHOD_MATCH = YES;
				COPY_PHASE_STRIP = NO;
				DEAD_CODE_STRIPPING = YES;
				DEBUG_INFORMATION_FORMAT = "dwarf-with-dsym";
				DEVELOPMENT_TEAM = Z7SYY2QYHK;
				ENABLE_NS_ASSERTIONS = NO;
				ENABLE_STRICT_OBJC_MSGSEND = YES;
				ENABLE_USER_SCRIPT_SANDBOXING = YES;
				GCC_C_LANGUAGE_STANDARD = gnu11;
				GCC_NO_COMMON_BLOCKS = YES;
				GCC_WARN_64_TO_32_BIT_CONVERSION = YES;
				GCC_WARN_ABOUT_RETURN_TYPE = YES_ERROR;
				GCC_WARN_UNDECLARED_SELECTOR = YES;
				GCC_WARN_UNINITIALIZED_AUTOS = YES_AGGRESSIVE;
				GCC_WARN_UNUSED_FUNCTION = YES;
				GCC_WARN_UNUSED_VARIABLE = YES;
				IPHONEOS_DEPLOYMENT_TARGET = 17.4;
				MACOSX_DEPLOYMENT_TARGET = "$(RECOMMENDED_MACOSX_DEPLOYMENT_TARGET)";
				MTL_ENABLE_DEBUG_INFO = NO;
				MTL_FAST_MATH = YES;
				PRODUCT_NAME = "Random Playlist Generator";
				SWIFT_COMPILATION_MODE = wholemodule;
				SWIFT_OPTIMIZATION_LEVEL = "-O";
			};
			name = Release;
		};
		040313A8274A7E47009B0F23 /* Debug configuration for PBXNativeTarget "Random Playlist Generator (iOS)" */ = {
			isa = XCBuildConfiguration;
			buildSettings = {
				ASSETCATALOG_COMPILER_APPICON_NAME = AppIcon;
				"ASSETCATALOG_COMPILER_APPICON_NAME[sdk=iphoneos*]" = AppIcon;
				ASSETCATALOG_COMPILER_GLOBAL_ACCENT_COLOR_NAME = AccentColor;
				ASSETCATALOG_COMPILER_INCLUDE_ALL_APPICON_ASSETS = YES;
				CODE_SIGN_ENTITLEMENTS = "RandomPlaylistGenerator (iOS).entitlements";
				CODE_SIGN_STYLE = Automatic;
				CURRENT_PROJECT_VERSION = 2;
				ENABLE_PREVIEWS = YES;
				GENERATE_INFOPLIST_FILE = YES;
				INFOPLIST_FILE = "Random Playlist Generator--iOS--Info.plist";
				INFOPLIST_KEY_CFBundleDisplayName = Playlists;
				INFOPLIST_KEY_LSApplicationCategoryType = "public.app-category.music";
				INFOPLIST_KEY_NSAppleMusicUsageDescription = "Read media library playlists and songs. Generate new playlists.";
				INFOPLIST_KEY_UIApplicationSceneManifest_Generation = YES;
				INFOPLIST_KEY_UIApplicationSupportsIndirectInputEvents = YES;
				INFOPLIST_KEY_UILaunchScreen_Generation = YES;
				INFOPLIST_KEY_UISupportedInterfaceOrientations_iPad = "UIInterfaceOrientationPortrait UIInterfaceOrientationPortraitUpsideDown UIInterfaceOrientationLandscapeLeft UIInterfaceOrientationLandscapeRight";
				INFOPLIST_KEY_UISupportedInterfaceOrientations_iPhone = "UIInterfaceOrientationPortrait UIInterfaceOrientationLandscapeLeft UIInterfaceOrientationLandscapeRight";
				IPHONEOS_DEPLOYMENT_TARGET = 18.0;
				LD_RUNPATH_SEARCH_PATHS = (
					"$(inherited)",
					"@executable_path/Frameworks",
				);
				MACOSX_DEPLOYMENT_TARGET = 11.0;
				MARKETING_VERSION = 1.2;
				PRODUCT_BUNDLE_IDENTIFIER = com.benday.RandomPlaylistGenerator;
				PRODUCT_NAME = "Random Playlist Generator";
				SDKROOT = iphoneos;
				SUPPORTED_PLATFORMS = "iphoneos iphonesimulator";
				SUPPORTS_MACCATALYST = NO;
				SWIFT_EMIT_LOC_STRINGS = YES;
				SWIFT_VERSION = 5.0;
				TARGETED_DEVICE_FAMILY = "1,2";
				TVOS_DEPLOYMENT_TARGET = 18.0;
			};
			name = Debug;
		};
		040313A9274A7E47009B0F23 /* Release configuration for PBXNativeTarget "Random Playlist Generator (iOS)" */ = {
			isa = XCBuildConfiguration;
			buildSettings = {
				ASSETCATALOG_COMPILER_APPICON_NAME = AppIcon;
				"ASSETCATALOG_COMPILER_APPICON_NAME[sdk=iphoneos*]" = AppIcon;
				ASSETCATALOG_COMPILER_GLOBAL_ACCENT_COLOR_NAME = AccentColor;
				ASSETCATALOG_COMPILER_INCLUDE_ALL_APPICON_ASSETS = YES;
				CODE_SIGN_ENTITLEMENTS = "RandomPlaylistGenerator (iOS).entitlements";
				CODE_SIGN_STYLE = Automatic;
				CURRENT_PROJECT_VERSION = 2;
				ENABLE_PREVIEWS = YES;
				GENERATE_INFOPLIST_FILE = YES;
				INFOPLIST_FILE = "Random Playlist Generator--iOS--Info.plist";
				INFOPLIST_KEY_CFBundleDisplayName = Playlists;
				INFOPLIST_KEY_LSApplicationCategoryType = "public.app-category.music";
				INFOPLIST_KEY_NSAppleMusicUsageDescription = "Read media library playlists and songs. Generate new playlists.";
				INFOPLIST_KEY_UIApplicationSceneManifest_Generation = YES;
				INFOPLIST_KEY_UIApplicationSupportsIndirectInputEvents = YES;
				INFOPLIST_KEY_UILaunchScreen_Generation = YES;
				INFOPLIST_KEY_UISupportedInterfaceOrientations_iPad = "UIInterfaceOrientationPortrait UIInterfaceOrientationPortraitUpsideDown UIInterfaceOrientationLandscapeLeft UIInterfaceOrientationLandscapeRight";
				INFOPLIST_KEY_UISupportedInterfaceOrientations_iPhone = "UIInterfaceOrientationPortrait UIInterfaceOrientationLandscapeLeft UIInterfaceOrientationLandscapeRight";
				IPHONEOS_DEPLOYMENT_TARGET = 18.0;
				LD_RUNPATH_SEARCH_PATHS = (
					"$(inherited)",
					"@executable_path/Frameworks",
				);
				MACOSX_DEPLOYMENT_TARGET = 11.0;
				MARKETING_VERSION = 1.2;
				PRODUCT_BUNDLE_IDENTIFIER = com.benday.RandomPlaylistGenerator;
				PRODUCT_NAME = "Random Playlist Generator";
				SDKROOT = iphoneos;
				SUPPORTED_PLATFORMS = "iphoneos iphonesimulator";
				SUPPORTS_MACCATALYST = NO;
				SWIFT_EMIT_LOC_STRINGS = YES;
				SWIFT_VERSION = 5.0;
				TARGETED_DEVICE_FAMILY = "1,2";
				TVOS_DEPLOYMENT_TARGET = 18.0;
				VALIDATE_PRODUCT = YES;
			};
			name = Release;
		};
		044263702DA817E30038D101 /* Debug configuration for PBXNativeTarget "Random Playlist GeneratorTests" */ = {
			isa = XCBuildConfiguration;
			buildSettings = {
				ASSETCATALOG_COMPILER_GENERATE_SWIFT_ASSET_SYMBOL_EXTENSIONS = YES;
				BUNDLE_LOADER = "$(TEST_HOST)";
				CLANG_CXX_LANGUAGE_STANDARD = "gnu++20";
				CODE_SIGN_STYLE = Automatic;
				CURRENT_PROJECT_VERSION = 1;
				DEVELOPMENT_TEAM = Z7SYY2QYHK;
				GCC_C_LANGUAGE_STANDARD = gnu17;
				GENERATE_INFOPLIST_FILE = YES;
				IPHONEOS_DEPLOYMENT_TARGET = 18.4;
				LOCALIZATION_PREFERS_STRING_CATALOGS = YES;
				MARKETING_VERSION = 1.0;
				PRODUCT_BUNDLE_IDENTIFIER = "com.benday.Random-Playlist-GeneratorTests";
				PRODUCT_NAME = "$(TARGET_NAME)";
				SDKROOT = iphoneos;
				SWIFT_ACTIVE_COMPILATION_CONDITIONS = "DEBUG $(inherited)";
				SWIFT_EMIT_LOC_STRINGS = NO;
				SWIFT_VERSION = 5.0;
				TARGETED_DEVICE_FAMILY = "1,2";
				TEST_HOST = "$(BUILT_PRODUCTS_DIR)/Random Playlist Generator.app/$(BUNDLE_EXECUTABLE_FOLDER_PATH)/Random Playlist Generator";
			};
			name = Debug;
		};
		044263712DA817E30038D101 /* Release configuration for PBXNativeTarget "Random Playlist GeneratorTests" */ = {
			isa = XCBuildConfiguration;
			buildSettings = {
				ASSETCATALOG_COMPILER_GENERATE_SWIFT_ASSET_SYMBOL_EXTENSIONS = YES;
				BUNDLE_LOADER = "$(TEST_HOST)";
				CLANG_CXX_LANGUAGE_STANDARD = "gnu++20";
				CODE_SIGN_STYLE = Automatic;
				CURRENT_PROJECT_VERSION = 1;
				DEVELOPMENT_TEAM = Z7SYY2QYHK;
				GCC_C_LANGUAGE_STANDARD = gnu17;
				GENERATE_INFOPLIST_FILE = YES;
				IPHONEOS_DEPLOYMENT_TARGET = 18.4;
				LOCALIZATION_PREFERS_STRING_CATALOGS = YES;
				MARKETING_VERSION = 1.0;
				PRODUCT_BUNDLE_IDENTIFIER = "com.benday.Random-Playlist-GeneratorTests";
				PRODUCT_NAME = "$(TARGET_NAME)";
				SDKROOT = iphoneos;
				SWIFT_EMIT_LOC_STRINGS = NO;
				SWIFT_VERSION = 5.0;
				TARGETED_DEVICE_FAMILY = "1,2";
				TEST_HOST = "$(BUILT_PRODUCTS_DIR)/Random Playlist Generator.app/$(BUNDLE_EXECUTABLE_FOLDER_PATH)/Random Playlist Generator";
				VALIDATE_PRODUCT = YES;
			};
			name = Release;
		};
/* End XCBuildConfiguration section */

/* Begin XCConfigurationList section */
		0403138D274A7E46009B0F23 /* Build configuration list for PBXProject "Random Playlist Generator" */ = {
			isa = XCConfigurationList;
			buildConfigurations = (
				040313A5274A7E47009B0F23 /* Debug configuration for PBXProject "Random Playlist Generator" */,
				040313A6274A7E47009B0F23 /* Release configuration for PBXProject "Random Playlist Generator" */,
			);
			defaultConfigurationName = Release;
		};
		040313A7274A7E47009B0F23 /* Build configuration list for PBXNativeTarget "Random Playlist Generator (iOS)" */ = {
			isa = XCConfigurationList;
			buildConfigurations = (
				040313A8274A7E47009B0F23 /* Debug configuration for PBXNativeTarget "Random Playlist Generator (iOS)" */,
				040313A9274A7E47009B0F23 /* Release configuration for PBXNativeTarget "Random Playlist Generator (iOS)" */,
			);
			defaultConfigurationName = Release;
		};
		0442636F2DA817E30038D101 /* Build configuration list for PBXNativeTarget "Random Playlist GeneratorTests" */ = {
			isa = XCConfigurationList;
			buildConfigurations = (
				044263702DA817E30038D101 /* Debug configuration for PBXNativeTarget "Random Playlist GeneratorTests" */,
				044263712DA817E30038D101 /* Release configuration for PBXNativeTarget "Random Playlist GeneratorTests" */,
			);
			defaultConfigurationName = Release;
		};
/* End XCConfigurationList section */
	};
	rootObject = 0403138A274A7E46009B0F23 /* Project object */;
}
