// !$*UTF8*$!
{
	archiveVersion = 1;
	classes = {
	};
	objectVersion = 55;
	objects = {

/* Begin PBXBuildFile section */
		0403139F274A7E47009B0F23 /* Test20211121aApp.swift in Sources */ = {isa = PBXBuildFile; fileRef = 0403138F274A7E46009B0F23 /* Test20211121aApp.swift */; };
		040313A1274A7E47009B0F23 /* ContentView.swift in Sources */ = {isa = PBXBuildFile; fileRef = 04031390274A7E46009B0F23 /* ContentView.swift */; };
		040313A3274A7E47009B0F23 /* Assets.xcassets in Resources */ = {isa = PBXBuildFile; fileRef = 04031391274A7E47009B0F23 /* Assets.xcassets */; };
		0456FD242778D87D00C76D96 /* PlaylistCell.swift in Sources */ = {isa = PBXBuildFile; fileRef = 0456FD232778D87D00C76D96 /* PlaylistCell.swift */; };
		0456FD262778E65600C76D96 /* PlaylistsView.swift in Sources */ = {isa = PBXBuildFile; fileRef = 0456FD252778E65600C76D96 /* PlaylistsView.swift */; };
		0472068B27774D6D00F7746D /* PlaylistDetail.swift in Sources */ = {isa = PBXBuildFile; fileRef = 0472068A27774D6D00F7746D /* PlaylistDetail.swift */; };
		0483507B27712826004F0FFB /* PlaylistItem.swift in Sources */ = {isa = PBXBuildFile; fileRef = 0483507A27712826004F0FFB /* PlaylistItem.swift */; };
/* End PBXBuildFile section */

/* Begin PBXFileReference section */
		0403138F274A7E46009B0F23 /* Test20211121aApp.swift */ = {isa = PBXFileReference; lastKnownFileType = sourcecode.swift; path = Test20211121aApp.swift; sourceTree = "<group>"; };
		04031390274A7E46009B0F23 /* ContentView.swift */ = {isa = PBXFileReference; lastKnownFileType = sourcecode.swift; path = ContentView.swift; sourceTree = "<group>"; };
		04031391274A7E47009B0F23 /* Assets.xcassets */ = {isa = PBXFileReference; lastKnownFileType = folder.assetcatalog; path = Assets.xcassets; sourceTree = "<group>"; };
		04031396274A7E47009B0F23 /* PlaylistEditor.app */ = {isa = PBXFileReference; explicitFileType = wrapper.application; includeInIndex = 0; path = PlaylistEditor.app; sourceTree = BUILT_PRODUCTS_DIR; };
		0403139E274A7E47009B0F23 /* macOS.entitlements */ = {isa = PBXFileReference; lastKnownFileType = text.plist.entitlements; path = macOS.entitlements; sourceTree = "<group>"; };
		040313AD274AEC58009B0F23 /* PlaylistEditor--iOS--Info.plist */ = {isa = PBXFileReference; lastKnownFileType = text.plist.xml; path = "PlaylistEditor--iOS--Info.plist"; sourceTree = "<group>"; };
		040313AE274AEC9A009B0F23 /* PlaylistEditor--macOS--Info.plist */ = {isa = PBXFileReference; lastKnownFileType = text.plist.xml; path = "PlaylistEditor--macOS--Info.plist"; sourceTree = "<group>"; };
		0456FD2227789F6300C76D96 /* PlaylistEditor (iOS).entitlements */ = {isa = PBXFileReference; lastKnownFileType = text.plist.entitlements; path = "PlaylistEditor (iOS).entitlements"; sourceTree = "<group>"; };
		0456FD232778D87D00C76D96 /* PlaylistCell.swift */ = {isa = PBXFileReference; lastKnownFileType = sourcecode.swift; path = PlaylistCell.swift; sourceTree = "<group>"; };
		0456FD252778E65600C76D96 /* PlaylistsView.swift */ = {isa = PBXFileReference; lastKnownFileType = sourcecode.swift; path = PlaylistsView.swift; sourceTree = "<group>"; };
		0472068A27774D6D00F7746D /* PlaylistDetail.swift */ = {isa = PBXFileReference; lastKnownFileType = sourcecode.swift; path = PlaylistDetail.swift; sourceTree = "<group>"; };
		0483507A27712826004F0FFB /* PlaylistItem.swift */ = {isa = PBXFileReference; lastKnownFileType = sourcecode.swift; path = PlaylistItem.swift; sourceTree = "<group>"; };
/* End PBXFileReference section */

/* Begin PBXFrameworksBuildPhase section */
		04031393274A7E47009B0F23 /* Frameworks */ = {
			isa = PBXFrameworksBuildPhase;
			buildActionMask = 2147483647;
			files = (
			);
			runOnlyForDeploymentPostprocessing = 0;
		};
/* End PBXFrameworksBuildPhase section */

/* Begin PBXGroup section */
		04031389274A7E46009B0F23 = {
			isa = PBXGroup;
			children = (
				0456FD2227789F6300C76D96 /* PlaylistEditor (iOS).entitlements */,
				040313AE274AEC9A009B0F23 /* PlaylistEditor--macOS--Info.plist */,
				040313AD274AEC58009B0F23 /* PlaylistEditor--iOS--Info.plist */,
				0403138E274A7E46009B0F23 /* Shared */,
				0403139D274A7E47009B0F23 /* macOS */,
				04031397274A7E47009B0F23 /* Products */,
			);
			sourceTree = "<group>";
		};
		0403138E274A7E46009B0F23 /* Shared */ = {
			isa = PBXGroup;
			children = (
				0403138F274A7E46009B0F23 /* Test20211121aApp.swift */,
				04031390274A7E46009B0F23 /* ContentView.swift */,
				04031391274A7E47009B0F23 /* Assets.xcassets */,
				0483507A27712826004F0FFB /* PlaylistItem.swift */,
				0472068A27774D6D00F7746D /* PlaylistDetail.swift */,
				0456FD232778D87D00C76D96 /* PlaylistCell.swift */,
				0456FD252778E65600C76D96 /* PlaylistsView.swift */,
			);
			path = Shared;
			sourceTree = "<group>";
		};
		04031397274A7E47009B0F23 /* Products */ = {
			isa = PBXGroup;
			children = (
				04031396274A7E47009B0F23 /* PlaylistEditor.app */,
			);
			name = Products;
			sourceTree = "<group>";
		};
		0403139D274A7E47009B0F23 /* macOS */ = {
			isa = PBXGroup;
			children = (
				0403139E274A7E47009B0F23 /* macOS.entitlements */,
			);
			path = macOS;
			sourceTree = "<group>";
		};
/* End PBXGroup section */

/* Begin PBXNativeTarget section */
		04031395274A7E47009B0F23 /* PlaylistEditor (iOS) */ = {
			isa = PBXNativeTarget;
			buildConfigurationList = 040313A7274A7E47009B0F23 /* Build configuration list for PBXNativeTarget "PlaylistEditor (iOS)" */;
			buildPhases = (
				04031392274A7E47009B0F23 /* Sources */,
				04031393274A7E47009B0F23 /* Frameworks */,
				04031394274A7E47009B0F23 /* Resources */,
			);
			buildRules = (
			);
			dependencies = (
			);
			name = "PlaylistEditor (iOS)";
			productName = "Test20211121a (iOS)";
			productReference = 04031396274A7E47009B0F23 /* PlaylistEditor.app */;
			productType = "com.apple.product-type.application";
		};
/* End PBXNativeTarget section */

/* Begin PBXProject section */
		0403138A274A7E46009B0F23 /* Project object */ = {
			isa = PBXProject;
			attributes = {
				BuildIndependentTargetsInParallel = 1;
				LastSwiftUpdateCheck = 1310;
				LastUpgradeCheck = 1320;
				TargetAttributes = {
					04031395274A7E47009B0F23 = {
						CreatedOnToolsVersion = 13.1;
					};
				};
			};
			buildConfigurationList = 0403138D274A7E46009B0F23 /* Build configuration list for PBXProject "PlaylistEditor" */;
			compatibilityVersion = "Xcode 13.0";
			developmentRegion = en;
			hasScannedForEncodings = 0;
			knownRegions = (
				en,
				Base,
			);
			mainGroup = 04031389274A7E46009B0F23;
			productRefGroup = 04031397274A7E47009B0F23 /* Products */;
			projectDirPath = "";
			projectRoot = "";
			targets = (
				04031395274A7E47009B0F23 /* PlaylistEditor (iOS) */,
			);
		};
/* End PBXProject section */

/* Begin PBXResourcesBuildPhase section */
		04031394274A7E47009B0F23 /* Resources */ = {
			isa = PBXResourcesBuildPhase;
			buildActionMask = 2147483647;
			files = (
				040313A3274A7E47009B0F23 /* Assets.xcassets in Resources */,
			);
			runOnlyForDeploymentPostprocessing = 0;
		};
/* End PBXResourcesBuildPhase section */

/* Begin PBXSourcesBuildPhase section */
		04031392274A7E47009B0F23 /* Sources */ = {
			isa = PBXSourcesBuildPhase;
			buildActionMask = 2147483647;
			files = (
				0456FD262778E65600C76D96 /* PlaylistsView.swift in Sources */,
				0472068B27774D6D00F7746D /* PlaylistDetail.swift in Sources */,
				040313A1274A7E47009B0F23 /* ContentView.swift in Sources */,
				0403139F274A7E47009B0F23 /* Test20211121aApp.swift in Sources */,
				0456FD242778D87D00C76D96 /* PlaylistCell.swift in Sources */,
				0483507B27712826004F0FFB /* PlaylistItem.swift in Sources */,
			);
			runOnlyForDeploymentPostprocessing = 0;
		};
/* End PBXSourcesBuildPhase section */

/* Begin XCBuildConfiguration section */
		040313A5274A7E47009B0F23 /* Debug */ = {
			isa = XCBuildConfiguration;
			buildSettings = {
				ALWAYS_SEARCH_USER_PATHS = NO;
				CLANG_ANALYZER_NONNULL = YES;
				CLANG_ANALYZER_NUMBER_OBJECT_CONVERSION = YES_AGGRESSIVE;
				CLANG_CXX_LANGUAGE_STANDARD = "gnu++17";
				CLANG_CXX_LIBRARY = "libc++";
				CLANG_ENABLE_MODULES = YES;
				CLANG_ENABLE_OBJC_ARC = YES;
				CLANG_ENABLE_OBJC_WEAK = YES;
				CLANG_WARN_BLOCK_CAPTURE_AUTORELEASING = YES;
				CLANG_WARN_BOOL_CONVERSION = YES;
				CLANG_WARN_COMMA = YES;
				CLANG_WARN_CONSTANT_CONVERSION = YES;
				CLANG_WARN_DEPRECATED_OBJC_IMPLEMENTATIONS = YES;
				CLANG_WARN_DIRECT_OBJC_ISA_USAGE = YES_ERROR;
				CLANG_WARN_DOCUMENTATION_COMMENTS = YES;
				CLANG_WARN_EMPTY_BODY = YES;
				CLANG_WARN_ENUM_CONVERSION = YES;
				CLANG_WARN_INFINITE_RECURSION = YES;
				CLANG_WARN_INT_CONVERSION = YES;
				CLANG_WARN_NON_LITERAL_NULL_CONVERSION = YES;
				CLANG_WARN_OBJC_IMPLICIT_RETAIN_SELF = YES;
				CLANG_WARN_OBJC_LITERAL_CONVERSION = YES;
				CLANG_WARN_OBJC_ROOT_CLASS = YES_ERROR;
				CLANG_WARN_QUOTED_INCLUDE_IN_FRAMEWORK_HEADER = YES;
				CLANG_WARN_RANGE_LOOP_ANALYSIS = YES;
				CLANG_WARN_STRICT_PROTOTYPES = YES;
				CLANG_WARN_SUSPICIOUS_MOVE = YES;
				CLANG_WARN_UNGUARDED_AVAILABILITY = YES_AGGRESSIVE;
				CLANG_WARN_UNREACHABLE_CODE = YES;
				CLANG_WARN__DUPLICATE_METHOD_MATCH = YES;
				COPY_PHASE_STRIP = NO;
				DEBUG_INFORMATION_FORMAT = dwarf;
				ENABLE_STRICT_OBJC_MSGSEND = YES;
				ENABLE_TESTABILITY = YES;
				GCC_C_LANGUAGE_STANDARD = gnu11;
				GCC_DYNAMIC_NO_PIC = NO;
				GCC_NO_COMMON_BLOCKS = YES;
				GCC_OPTIMIZATION_LEVEL = 0;
				GCC_PREPROCESSOR_DEFINITIONS = (
					"DEBUG=1",
					"$(inherited)",
				);
				GCC_WARN_64_TO_32_BIT_CONVERSION = YES;
				GCC_WARN_ABOUT_RETURN_TYPE = YES_ERROR;
				GCC_WARN_UNDECLARED_SELECTOR = YES;
				GCC_WARN_UNINITIALIZED_AUTOS = YES_AGGRESSIVE;
				GCC_WARN_UNUSED_FUNCTION = YES;
				GCC_WARN_UNUSED_VARIABLE = YES;
				IPHONEOS_DEPLOYMENT_TARGET = 15.2;
				MACOSX_DEPLOYMENT_TARGET = 12.2;
				MTL_ENABLE_DEBUG_INFO = INCLUDE_SOURCE;
				MTL_FAST_MATH = YES;
				ONLY_ACTIVE_ARCH = YES;
				SWIFT_ACTIVE_COMPILATION_CONDITIONS = DEBUG;
				SWIFT_OPTIMIZATION_LEVEL = "-Onone";
			};
			name = Debug;
		};
		040313A6274A7E47009B0F23 /* Release */ = {
			isa = XCBuildConfiguration;
			buildSettings = {
				ALWAYS_SEARCH_USER_PATHS = NO;
				CLANG_ANALYZER_NONNULL = YES;
				CLANG_ANALYZER_NUMBER_OBJECT_CONVERSION = YES_AGGRESSIVE;
				CLANG_CXX_LANGUAGE_STANDARD = "gnu++17";
				CLANG_CXX_LIBRARY = "libc++";
				CLANG_ENABLE_MODULES = YES;
				CLANG_ENABLE_OBJC_ARC = YES;
				CLANG_ENABLE_OBJC_WEAK = YES;
				CLANG_WARN_BLOCK_CAPTURE_AUTORELEASING = YES;
				CLANG_WARN_BOOL_CONVERSION = YES;
				CLANG_WARN_COMMA = YES;
				CLANG_WARN_CONSTANT_CONVERSION = YES;
				CLANG_WARN_DEPRECATED_OBJC_IMPLEMENTATIONS = YES;
				CLANG_WARN_DIRECT_OBJC_ISA_USAGE = YES_ERROR;
				CLANG_WARN_DOCUMENTATION_COMMENTS = YES;
				CLANG_WARN_EMPTY_BODY = YES;
				CLANG_WARN_ENUM_CONVERSION = YES;
				CLANG_WARN_INFINITE_RECURSION = YES;
				CLANG_WARN_INT_CONVERSION = YES;
				CLANG_WARN_NON_LITERAL_NULL_CONVERSION = YES;
				CLANG_WARN_OBJC_IMPLICIT_RETAIN_SELF = YES;
				CLANG_WARN_OBJC_LITERAL_CONVERSION = YES;
				CLANG_WARN_OBJC_ROOT_CLASS = YES_ERROR;
				CLANG_WARN_QUOTED_INCLUDE_IN_FRAMEWORK_HEADER = YES;
				CLANG_WARN_RANGE_LOOP_ANALYSIS = YES;
				CLANG_WARN_STRICT_PROTOTYPES = YES;
				CLANG_WARN_SUSPICIOUS_MOVE = YES;
				CLANG_WARN_UNGUARDED_AVAILABILITY = YES_AGGRESSIVE;
				CLANG_WARN_UNREACHABLE_CODE = YES;
				CLANG_WARN__DUPLICATE_METHOD_MATCH = YES;
				COPY_PHASE_STRIP = NO;
				DEBUG_INFORMATION_FORMAT = "dwarf-with-dsym";
				ENABLE_NS_ASSERTIONS = NO;
				ENABLE_STRICT_OBJC_MSGSEND = YES;
				GCC_C_LANGUAGE_STANDARD = gnu11;
				GCC_NO_COMMON_BLOCKS = YES;
				GCC_WARN_64_TO_32_BIT_CONVERSION = YES;
				GCC_WARN_ABOUT_RETURN_TYPE = YES_ERROR;
				GCC_WARN_UNDECLARED_SELECTOR = YES;
				GCC_WARN_UNINITIALIZED_AUTOS = YES_AGGRESSIVE;
				GCC_WARN_UNUSED_FUNCTION = YES;
				GCC_WARN_UNUSED_VARIABLE = YES;
				IPHONEOS_DEPLOYMENT_TARGET = 15.2;
				MACOSX_DEPLOYMENT_TARGET = 12.2;
				MTL_ENABLE_DEBUG_INFO = NO;
				MTL_FAST_MATH = YES;
				SWIFT_COMPILATION_MODE = wholemodule;
				SWIFT_OPTIMIZATION_LEVEL = "-O";
			};
			name = Release;
		};
		040313A8274A7E47009B0F23 /* Debug */ = {
			isa = XCBuildConfiguration;
			buildSettings = {
				ASSETCATALOG_COMPILER_APPICON_NAME = AppIcon;
				ASSETCATALOG_COMPILER_GLOBAL_ACCENT_COLOR_NAME = AccentColor;
				CODE_SIGN_ENTITLEMENTS = "PlaylistEditor (iOS).entitlements";
				CODE_SIGN_STYLE = Automatic;
				CURRENT_PROJECT_VERSION = 1;
				DEVELOPMENT_TEAM = Z7SYY2QYHK;
				ENABLE_PREVIEWS = YES;
				GENERATE_INFOPLIST_FILE = YES;
				INFOPLIST_FILE = "PlaylistEditor--iOS--Info.plist";
				INFOPLIST_KEY_NSAppleMusicUsageDescription = "gunna do stuff with media library";
				INFOPLIST_KEY_UIApplicationSceneManifest_Generation = YES;
				INFOPLIST_KEY_UIApplicationSupportsIndirectInputEvents = YES;
				INFOPLIST_KEY_UILaunchScreen_Generation = YES;
				INFOPLIST_KEY_UISupportedInterfaceOrientations_iPad = "UIInterfaceOrientationPortrait UIInterfaceOrientationPortraitUpsideDown UIInterfaceOrientationLandscapeLeft UIInterfaceOrientationLandscapeRight";
				INFOPLIST_KEY_UISupportedInterfaceOrientations_iPhone = "UIInterfaceOrientationPortrait UIInterfaceOrientationLandscapeLeft UIInterfaceOrientationLandscapeRight";
				IPHONEOS_DEPLOYMENT_TARGET = 15.0;
				LD_RUNPATH_SEARCH_PATHS = (
					"$(inherited)",
					"@executable_path/Frameworks",
				);
				MARKETING_VERSION = 1.0;
				PRODUCT_BUNDLE_IDENTIFIER = com.benday.PlaylistEditor;
				PRODUCT_NAME = PlaylistEditor;
				SDKROOT = iphoneos;
				SWIFT_EMIT_LOC_STRINGS = YES;
				SWIFT_VERSION = 5.0;
				TARGETED_DEVICE_FAMILY = "1,2";
			};
			name = Debug;
		};
		040313A9274A7E47009B0F23 /* Release */ = {
			isa = XCBuildConfiguration;
			buildSettings = {
				ASSETCATALOG_COMPILER_APPICON_NAME = AppIcon;
				ASSETCATALOG_COMPILER_GLOBAL_ACCENT_COLOR_NAME = AccentColor;
				CODE_SIGN_ENTITLEMENTS = "PlaylistEditor (iOS).entitlements";
				CODE_SIGN_STYLE = Automatic;
				CURRENT_PROJECT_VERSION = 1;
				DEVELOPMENT_TEAM = Z7SYY2QYHK;
				ENABLE_PREVIEWS = YES;
				GENERATE_INFOPLIST_FILE = YES;
				INFOPLIST_FILE = "PlaylistEditor--iOS--Info.plist";
				INFOPLIST_KEY_NSAppleMusicUsageDescription = "gunna do stuff with media library";
				INFOPLIST_KEY_UIApplicationSceneManifest_Generation = YES;
				INFOPLIST_KEY_UIApplicationSupportsIndirectInputEvents = YES;
				INFOPLIST_KEY_UILaunchScreen_Generation = YES;
				INFOPLIST_KEY_UISupportedInterfaceOrientations_iPad = "UIInterfaceOrientationPortrait UIInterfaceOrientationPortraitUpsideDown UIInterfaceOrientationLandscapeLeft UIInterfaceOrientationLandscapeRight";
				INFOPLIST_KEY_UISupportedInterfaceOrientations_iPhone = "UIInterfaceOrientationPortrait UIInterfaceOrientationLandscapeLeft UIInterfaceOrientationLandscapeRight";
				IPHONEOS_DEPLOYMENT_TARGET = 15.0;
				LD_RUNPATH_SEARCH_PATHS = (
					"$(inherited)",
					"@executable_path/Frameworks",
				);
				MARKETING_VERSION = 1.0;
				PRODUCT_BUNDLE_IDENTIFIER = com.benday.PlaylistEditor;
				PRODUCT_NAME = PlaylistEditor;
				SDKROOT = iphoneos;
				SWIFT_EMIT_LOC_STRINGS = YES;
				SWIFT_VERSION = 5.0;
				TARGETED_DEVICE_FAMILY = "1,2";
				VALIDATE_PRODUCT = YES;
			};
			name = Release;
		};
/* End XCBuildConfiguration section */

/* Begin XCConfigurationList section */
		0403138D274A7E46009B0F23 /* Build configuration list for PBXProject "PlaylistEditor" */ = {
			isa = XCConfigurationList;
			buildConfigurations = (
				040313A5274A7E47009B0F23 /* Debug */,
				040313A6274A7E47009B0F23 /* Release */,
			);
			defaultConfigurationIsVisible = 0;
			defaultConfigurationName = Release;
		};
		040313A7274A7E47009B0F23 /* Build configuration list for PBXNativeTarget "PlaylistEditor (iOS)" */ = {
			isa = XCConfigurationList;
			buildConfigurations = (
				040313A8274A7E47009B0F23 /* Debug */,
				040313A9274A7E47009B0F23 /* Release */,
			);
			defaultConfigurationIsVisible = 0;
			defaultConfigurationName = Release;
		};
/* End XCConfigurationList section */
	};
	rootObject = 0403138A274A7E46009B0F23 /* Project object */;
}
